("quicklisp" .
 (:class qlot/source/dist:source-dist
  :initargs (:distribution "https://beta.quicklisp.org/dist/quicklisp.txt" :%version :latest)
  :version "2023-10-21"))
("cl-dbi" .
 (:class qlot/source/ql:source-ql-upstream
  :initargs nil
  :version "ql-upstream-be4df4f236391f4e4150a1fe77f8acc92b9f3996"
  :remote-url "https://github.com/fukamachi/cl-dbi.git"))
("cl-mysql" .
 (:class qlot/source/ql:source-ql-upstream
  :initargs nil
  :version "ql-upstream-b273cf772f13a525b534f5ee58bf36fb733204f3"
  :remote-url "https://github.com/hackinghat/cl-mysql.git"))
("dissect" .
 (:class qlot/source/ql:source-ql-upstream
  :initargs nil
  :version "ql-upstream-a70cabcd748cf7c041196efd711e2dcca2bbbb2c"
  :remote-url "https://github.com/Shinmera/dissect.git"))
("sxql" .
 (:class qlot/source/ql:source-ql-upstream
  :initargs nil
  :version "ql-upstream-c79c252bef276bb0343ced5149083e3b91d85d9b"
  :remote-url "https://github.com/fukamachi/sxql.git"))
("rove" .
 (:class qlot/source/ql:source-ql-upstream
  :initargs nil
  :version "ql-upstream-cacea7331c10fe9d8398d104b2dfd579bf7ea353"
  :remote-url "https://github.com/fukamachi/rove.git"))
("log4cl" .
 (:class qlot/source/github:source-github
  :initargs (:repos "sharplispers/log4cl" :ref nil :branch nil :tag nil)
  :version "github-fe3da517147d023029782ced7cd989ba24f1e62d"))
("log4sly" .
 (:class qlot/source/github:source-github
  :initargs (:repos "40ants/log4sly" :ref nil :branch nil :tag nil)
  :version "github-b229658c7fa8a8ff62cddd832e812cda96b50df6"))
